
Microsoft Visual Studio Solution File, Format Version 12.00
# Visual Studio 15
VisualStudioVersion = 15.0.28307.645
MinimumVisualStudioVersion = 10.0.40219.1
Project("{FAE04EC0-301F-11D3-BF4B-00C04F79EFBC}") = "DbConsoleApp", "DbConsoleApp\DbConsoleApp.csproj", "{B7BB0067-3E11-499A-9F63-CDED7F8ABA70}"
EndProject
Global
	GlobalSection(SolutionConfigurationPlatforms) = preSolution
		Debug|Any CPU = Debug|Any CPU
		Release|Any CPU = Release|Any CPU
	EndGlobalSection
	GlobalSection(ProjectConfigurationPlatforms) = postSolution
		{B7BB0067-3E11-499A-9F63-CDED7F8ABA70}.Debug|Any CPU.ActiveCfg = Debug|Any CPU
		{B7BB0067-3E11-499A-9F63-CDED7F8ABA70}.Debug|Any CPU.Build.0 = Debug|Any CPU
		{B7BB0067-3E11-499A-9F63-CDED7F8ABA70}.Release|Any CPU.ActiveCfg = Release|Any CPU
		{B7BB0067-3E11-499A-9F63-CDED7F8ABA70}.Release|Any CPU.Build.0 = Release|Any CPU
	EndGlobalSection
	GlobalSection(SolutionProperties) = preSolution
		HideSolutionNode = FALSE
	EndGlobalSection
	GlobalSection(ExtensibilityGlobals) = postSolution
		SolutionGuid = {505AB64B-5B1B-48DE-98CA-A8204D62E87D}
	EndGlobalSection
EndGlobal
